
Microsoft Visual Studio Solution File, Format Version 12.00
# Visual Studio Version 16
VisualStudioVersion = 16.0.30907.101
MinimumVisualStudioVersion = 10.0.40219.1
Project("{FAE04EC0-301F-11D3-BF4B-00C04F79EFBC}") = "drawashape", "drawashape.csproj", "{4191E0B0-8154-4559-B659-4FF215CEC982}"
EndProject
Global
	GlobalSection(SolutionConfigurationPlatforms) = preSolution
		Debug|Any CPU = Debug|Any CPU
		Release|Any CPU = Release|Any CPU
	EndGlobalSection
	GlobalSection(ProjectConfigurationPlatforms) = postSolution
		{4191E0B0-8154-4559-B659-4FF215CEC982}.Debug|Any CPU.ActiveCfg = Debug|Any CPU
		{4191E0B0-8154-4559-B659-4FF215CEC982}.Debug|Any CPU.Build.0 = Debug|Any CPU
		{4191E0B0-8154-4559-B659-4FF215CEC982}.Release|Any CPU.ActiveCfg = Release|Any CPU
		{4191E0B0-8154-4559-B659-4FF215CEC982}.Release|Any CPU.Build.0 = Release|Any CPU
	EndGlobalSection
	GlobalSection(SolutionProperties) = preSolution
		HideSolutionNode = FALSE
	EndGlobalSection
	GlobalSection(ExtensibilityGlobals) = postSolution
		SolutionGuid = {C29868CD-5396-4EB0-9DE2-4EB3FAFB84CC}
	EndGlobalSection
EndGlobal
